
Microsoft Visual Studio Solution File, Format Version 12.00
# Visual Studio Version 17
VisualStudioVersion = 17.5.33502.453
MinimumVisualStudioVersion = 10.0.40219.1
Project("{2150E333-8FDC-42A3-9474-1A3956D46DE8}") = "Core", "Core", "{0BFE8ED9-0152-4FD3-B310-F3F2986DD625}"
EndProject
Project("{2150E333-8FDC-42A3-9474-1A3956D46DE8}") = "Infrastructure", "Infrastructure", "{238588A9-B578-4A14-BF9B-E5BEFC01AFC6}"
EndProject
Project("{2150E333-8FDC-42A3-9474-1A3956D46DE8}") = "Presentation", "Presentation", "{CADB8938-6A0D-4C39-B125-229E89542472}"
EndProject
Project("{9A19103F-16F7-4668-BE54-9A1E7A4F7556}") = "Ejournal.Domain", "Ejournal.Domain\Ejournal.Domain.csproj", "{2D7EC64F-3705-47D1-9A3D-72D23860B4F6}"
EndProject
Project("{9A19103F-16F7-4668-BE54-9A1E7A4F7556}") = "Ejournal.Application", "Ejournal.Application\Ejournal.Application.csproj", "{5FABA33B-F548-42A5-84B0-A5EA94E10424}"
EndProject
Project("{9A19103F-16F7-4668-BE54-9A1E7A4F7556}") = "Ejournal.Persistence", "Ejournal.Persistence\Ejournal.Persistence.csproj", "{D8BD7013-865D-48B4-B4C9-90D79D276349}"
EndProject
Project("{9A19103F-16F7-4668-BE54-9A1E7A4F7556}") = "Ejournal.WebApi", "Ejournal.WebApi\Ejournal.WebApi.csproj", "{FDA982A9-94DF-4233-8649-698CD92A2FFD}"
EndProject
Project("{9A19103F-16F7-4668-BE54-9A1E7A4F7556}") = "Ejournal.Person", "Ejournal.Person\Ejournal.Person.csproj", "{BB91E371-094B-4F2F-B675-08F677455B8E}"
EndProject
Project("{2150E333-8FDC-42A3-9474-1A3956D46DE8}") = "Tests", "Tests", "{DC1721CA-21B1-4E83-879D-7EA3D3CC0372}"
EndProject
Project("{9A19103F-16F7-4668-BE54-9A1E7A4F7556}") = "Ejournal.Test", "Ejournal.Test\Ejournal.Test.csproj", "{36C82EE9-8336-4139-BE75-DEA7DBE089FB}"
EndProject
Project("{9A19103F-16F7-4668-BE54-9A1E7A4F7556}") = "ApiGateway", "ApiGateway\ApiGateway.csproj", "{FFED266E-175A-46C9-ACA9-DCB80CAF832A}"
EndProject
Project("{FAE04EC0-301F-11D3-BF4B-00C04F79EFBC}") = "AuthenticationManager", "AuthenticationManager\AuthenticationManager.csproj", "{B8E4A130-EE30-437A-BB0F-BDF7040B22F8}"
EndProject
Project("{2150E333-8FDC-42A3-9474-1A3956D46DE8}") = "ApiGateway", "ApiGateway", "{9DEF9E74-828B-4540-8BE1-402A6B41C3FC}"
EndProject
Global
	GlobalSection(SolutionConfigurationPlatforms) = preSolution
		Debug|Any CPU = Debug|Any CPU
		Release|Any CPU = Release|Any CPU
	EndGlobalSection
	GlobalSection(ProjectConfigurationPlatforms) = postSolution
		{2D7EC64F-3705-47D1-9A3D-72D23860B4F6}.Debug|Any CPU.ActiveCfg = Debug|Any CPU
		{2D7EC64F-3705-47D1-9A3D-72D23860B4F6}.Debug|Any CPU.Build.0 = Debug|Any CPU
		{2D7EC64F-3705-47D1-9A3D-72D23860B4F6}.Release|Any CPU.ActiveCfg = Release|Any CPU
		{2D7EC64F-3705-47D1-9A3D-72D23860B4F6}.Release|Any CPU.Build.0 = Release|Any CPU
		{5FABA33B-F548-42A5-84B0-A5EA94E10424}.Debug|Any CPU.ActiveCfg = Debug|Any CPU
		{5FABA33B-F548-42A5-84B0-A5EA94E10424}.Debug|Any CPU.Build.0 = Debug|Any CPU
		{5FABA33B-F548-42A5-84B0-A5EA94E10424}.Release|Any CPU.ActiveCfg = Release|Any CPU
		{5FABA33B-F548-42A5-84B0-A5EA94E10424}.Release|Any CPU.Build.0 = Release|Any CPU
		{D8BD7013-865D-48B4-B4C9-90D79D276349}.Debug|Any CPU.ActiveCfg = Debug|Any CPU
		{D8BD7013-865D-48B4-B4C9-90D79D276349}.Debug|Any CPU.Build.0 = Debug|Any CPU
		{D8BD7013-865D-48B4-B4C9-90D79D276349}.Release|Any CPU.ActiveCfg = Release|Any CPU
		{D8BD7013-865D-48B4-B4C9-90D79D276349}.Release|Any CPU.Build.0 = Release|Any CPU
		{FDA982A9-94DF-4233-8649-698CD92A2FFD}.Debug|Any CPU.ActiveCfg = Debug|Any CPU
		{FDA982A9-94DF-4233-8649-698CD92A2FFD}.Debug|Any CPU.Build.0 = Debug|Any CPU
		{FDA982A9-94DF-4233-8649-698CD92A2FFD}.Release|Any CPU.ActiveCfg = Release|Any CPU
		{FDA982A9-94DF-4233-8649-698CD92A2FFD}.Release|Any CPU.Build.0 = Release|Any CPU
		{BB91E371-094B-4F2F-B675-08F677455B8E}.Debug|Any CPU.ActiveCfg = Debug|Any CPU
		{BB91E371-094B-4F2F-B675-08F677455B8E}.Debug|Any CPU.Build.0 = Debug|Any CPU
		{BB91E371-094B-4F2F-B675-08F677455B8E}.Release|Any CPU.ActiveCfg = Release|Any CPU
		{BB91E371-094B-4F2F-B675-08F677455B8E}.Release|Any CPU.Build.0 = Release|Any CPU
		{36C82EE9-8336-4139-BE75-DEA7DBE089FB}.Debug|Any CPU.ActiveCfg = Debug|Any CPU
		{36C82EE9-8336-4139-BE75-DEA7DBE089FB}.Debug|Any CPU.Build.0 = Debug|Any CPU
		{36C82EE9-8336-4139-BE75-DEA7DBE089FB}.Release|Any CPU.ActiveCfg = Release|Any CPU
		{36C82EE9-8336-4139-BE75-DEA7DBE089FB}.Release|Any CPU.Build.0 = Release|Any CPU
		{FFED266E-175A-46C9-ACA9-DCB80CAF832A}.Debug|Any CPU.ActiveCfg = Debug|Any CPU
		{FFED266E-175A-46C9-ACA9-DCB80CAF832A}.Debug|Any CPU.Build.0 = Debug|Any CPU
		{FFED266E-175A-46C9-ACA9-DCB80CAF832A}.Release|Any CPU.ActiveCfg = Release|Any CPU
		{FFED266E-175A-46C9-ACA9-DCB80CAF832A}.Release|Any CPU.Build.0 = Release|Any CPU
		{B8E4A130-EE30-437A-BB0F-BDF7040B22F8}.Debug|Any CPU.ActiveCfg = Debug|Any CPU
		{B8E4A130-EE30-437A-BB0F-BDF7040B22F8}.Debug|Any CPU.Build.0 = Debug|Any CPU
		{B8E4A130-EE30-437A-BB0F-BDF7040B22F8}.Release|Any CPU.ActiveCfg = Release|Any CPU
		{B8E4A130-EE30-437A-BB0F-BDF7040B22F8}.Release|Any CPU.Build.0 = Release|Any CPU
	EndGlobalSection
	GlobalSection(SolutionProperties) = preSolution
		HideSolutionNode = FALSE
	EndGlobalSection
	GlobalSection(NestedProjects) = preSolution
		{2D7EC64F-3705-47D1-9A3D-72D23860B4F6} = {0BFE8ED9-0152-4FD3-B310-F3F2986DD625}
		{5FABA33B-F548-42A5-84B0-A5EA94E10424} = {0BFE8ED9-0152-4FD3-B310-F3F2986DD625}
		{D8BD7013-865D-48B4-B4C9-90D79D276349} = {238588A9-B578-4A14-BF9B-E5BEFC01AFC6}
		{FDA982A9-94DF-4233-8649-698CD92A2FFD} = {CADB8938-6A0D-4C39-B125-229E89542472}
		{BB91E371-094B-4F2F-B675-08F677455B8E} = {238588A9-B578-4A14-BF9B-E5BEFC01AFC6}
		{36C82EE9-8336-4139-BE75-DEA7DBE089FB} = {DC1721CA-21B1-4E83-879D-7EA3D3CC0372}
		{FFED266E-175A-46C9-ACA9-DCB80CAF832A} = {9DEF9E74-828B-4540-8BE1-402A6B41C3FC}
	EndGlobalSection
	GlobalSection(ExtensibilityGlobals) = postSolution
		SolutionGuid = {FC1294CF-91ED-4FA5-8462-1F25A05B5C76}
	EndGlobalSection
EndGlobal
